
Microsoft Visual Studio Solution File, Format Version 12.00
# Blend for Visual Studio Version 17
VisualStudioVersion = 17.4.33213.308
MinimumVisualStudioVersion = 10.0.40219.1
Project("{FAE04EC0-301F-11D3-BF4B-00C04F79EFBC}") = "El mejor proyecto de tu vida", "El mejor proyecto de tu vida.csproj", "{7CB3F577-7C17-4F4B-BE2D-25AD031EDD19}"
EndProject
Global
	GlobalSection(SolutionConfigurationPlatforms) = preSolution
		Debug|Any CPU = Debug|Any CPU
		Release|Any CPU = Release|Any CPU
	EndGlobalSection
	GlobalSection(ProjectConfigurationPlatforms) = postSolution
		{7CB3F577-7C17-4F4B-BE2D-25AD031EDD19}.Debug|Any CPU.ActiveCfg = Debug|Any CPU
		{7CB3F577-7C17-4F4B-BE2D-25AD031EDD19}.Debug|Any CPU.Build.0 = Debug|Any CPU
		{7CB3F577-7C17-4F4B-BE2D-25AD031EDD19}.Release|Any CPU.ActiveCfg = Release|Any CPU
		{7CB3F577-7C17-4F4B-BE2D-25AD031EDD19}.Release|Any CPU.Build.0 = Release|Any CPU
	EndGlobalSection
	GlobalSection(SolutionProperties) = preSolution
		HideSolutionNode = FALSE
	EndGlobalSection
	GlobalSection(ExtensibilityGlobals) = postSolution
		SolutionGuid = {48193EE6-BEC5-4F58-9E08-9EC7A93C0F54}
	EndGlobalSection
EndGlobal
